// !$*UTF8*$!
{
	archiveVersion = 1;
	classes = {
	};
	objectVersion = 46;
	objects = {

/* Begin PBXBuildFile section */
		4E9D0EB91AE5A9DB00A8EBFD /* main.m in Sources */ = {isa = PBXBuildFile; fileRef = 4E9D0EB81AE5A9DB00A8EBFD /* main.m */; };
		4E9D0EBC1AE5A9DB00A8EBFD /* AppDelegate.m in Sources */ = {isa = PBXBuildFile; fileRef = 4E9D0EBB1AE5A9DB00A8EBFD /* AppDelegate.m */; };
		4E9D0EBF1AE5A9DB00A8EBFD /* ViewController.m in Sources */ = {isa = PBXBuildFile; fileRef = 4E9D0EBE1AE5A9DB00A8EBFD /* ViewController.m */; };
		4E9D0EC21AE5A9DB00A8EBFD /* Main.storyboard in Resources */ = {isa = PBXBuildFile; fileRef = 4E9D0EC01AE5A9DB00A8EBFD /* Main.storyboard */; };
		4E9D0EC41AE5A9DB00A8EBFD /* Images.xcassets in Resources */ = {isa = PBXBuildFile; fileRef = 4E9D0EC31AE5A9DB00A8EBFD /* Images.xcassets */; };
		4E9D0EC71AE5A9DB00A8EBFD /* LaunchScreen.xib in Resources */ = {isa = PBXBuildFile; fileRef = 4E9D0EC51AE5A9DB00A8EBFD /* LaunchScreen.xib */; };
		4E9D0ED31AE5A9DB00A8EBFD /* TestAppTests.m in Sources */ = {isa = PBXBuildFile; fileRef = 4E9D0ED21AE5A9DB00A8EBFD /* TestAppTests.m */; };
/* End PBXBuildFile section */

/* Begin PBXContainerItemProxy section */
		4E9D0ECD1AE5A9DB00A8EBFD /* PBXContainerItemProxy */ = {
			isa = PBXContainerItemProxy;
			containerPortal = 4E9D0EAB1AE5A9DA00A8EBFD /* Project object */;
			proxyType = 1;
			remoteGlobalIDString = 4E9D0EB21AE5A9DA00A8EBFD;
			remoteInfo = TestApp;
		};
/* End PBXContainerItemProxy section */

/* Begin PBXFileReference section */
		4E9D0EB31AE5A9DB00A8EBFD /* TestApp.app */ = {isa = PBXFileReference; explicitFileType = wrapper.application; includeInIndex = 0; path = TestApp.app; sourceTree = BUILT_PRODUCTS_DIR; };
		4E9D0EB71AE5A9DB00A8EBFD /* Info.plist */ = {isa = PBXFileReference; lastKnownFileType = text.plist.xml; path = Info.plist; sourceTree = "<group>"; };
		4E9D0EB81AE5A9DB00A8EBFD /* main.m */ = {isa = PBXFileReference; lastKnownFileType = sourcecode.c.objc; path = main.m; sourceTree = "<group>"; };
		4E9D0EBA1AE5A9DB00A8EBFD /* AppDelegate.h */ = {isa = PBXFileReference; lastKnownFileType = sourcecode.c.h; path = AppDelegate.h; sourceTree = "<group>"; };
		4E9D0EBB1AE5A9DB00A8EBFD /* AppDelegate.m */ = {isa = PBXFileReference; lastKnownFileType = sourcecode.c.objc; path = AppDelegate.m; sourceTree = "<group>"; };
		4E9D0EBD1AE5A9DB00A8EBFD /* ViewController.h */ = {isa = PBXFileReference; lastKnownFileType = sourcecode.c.h; path = ViewController.h; sourceTree = "<group>"; };
		4E9D0EBE1AE5A9DB00A8EBFD /* ViewController.m */ = {isa = PBXFileReference; lastKnownFileType = sourcecode.c.objc; path = ViewController.m; sourceTree = "<group>"; };
		4E9D0EC11AE5A9DB00A8EBFD /* Base */ = {isa = PBXFileReference; lastKnownFileType = file.storyboard; name = Base; path = Base.lproj/Main.storyboard; sourceTree = "<group>"; };
		4E9D0EC31AE5A9DB00A8EBFD /* Images.xcassets */ = {isa = PBXFileReference; lastKnownFileType = folder.assetcatalog; path = Images.xcassets; sourceTree = "<group>"; };
		4E9D0EC61AE5A9DB00A8EBFD /* Base */ = {isa = PBXFileReference; lastKnownFileType = file.xib; name = Base; path = Base.lproj/LaunchScreen.xib; sourceTree = "<group>"; };
		4E9D0ECC1AE5A9DB00A8EBFD /* TestAppTests.xctest */ = {isa = PBXFileReference; explicitFileType = wrapper.cfbundle; includeInIndex = 0; path = TestAppTests.xctest; sourceTree = BUILT_PRODUCTS_DIR; };
		4E9D0ED11AE5A9DB00A8EBFD /* Info.plist */ = {isa = PBXFileReference; lastKnownFileType = text.plist.xml; path = Info.plist; sourceTree = "<group>"; };
		4E9D0ED21AE5A9DB00A8EBFD /* TestAppTests.m */ = {isa = PBXFileReference; lastKnownFileType = sourcecode.c.objc; path = TestAppTests.m; sourceTree = "<group>"; };
/* End PBXFileReference section */

/* Begin PBXFrameworksBuildPhase section */
		4E9D0EB01AE5A9DA00A8EBFD /* Frameworks */ = {
			isa = PBXFrameworksBuildPhase;
			buildActionMask = 2147483647;
			files = (
			);
			runOnlyForDeploymentPostprocessing = 0;
		};
		4E9D0EC91AE5A9DB00A8EBFD /* Frameworks */ = {
			isa = PBXFrameworksBuildPhase;
			buildActionMask = 2147483647;
			files = (
			);
			runOnlyForDeploymentPostprocessing = 0;
		};
/* End PBXFrameworksBuildPhase section */

/* Begin PBXGroup section */
		4E9D0EAA1AE5A9DA00A8EBFD = {
			isa = PBXGroup;
			children = (
				4E9D0EB51AE5A9DB00A8EBFD /* TestApp */,
				4E9D0ECF1AE5A9DB00A8EBFD /* TestAppTests */,
				4E9D0EB41AE5A9DB00A8EBFD /* Products */,
			);
			sourceTree = "<group>";
		};
		4E9D0EB41AE5A9DB00A8EBFD /* Products */ = {
			isa = PBXGroup;
			children = (
				4E9D0EB31AE5A9DB00A8EBFD /* TestApp.app */,
				4E9D0ECC1AE5A9DB00A8EBFD /* TestAppTests.xctest */,
			);
			name = Products;
			sourceTree = "<group>";
		};
		4E9D0EB51AE5A9DB00A8EBFD /* TestApp */ = {
			isa = PBXGroup;
			children = (
				4E9D0EBA1AE5A9DB00A8EBFD /* AppDelegate.h */,
				4E9D0EBB1AE5A9DB00A8EBFD /* AppDelegate.m */,
				4E9D0EBD1AE5A9DB00A8EBFD /* ViewController.h */,
				4E9D0EBE1AE5A9DB00A8EBFD /* ViewController.m */,
				4E9D0EC01AE5A9DB00A8EBFD /* Main.storyboard */,
				4E9D0EC31AE5A9DB00A8EBFD /* Images.xcassets */,
				4E9D0EC51AE5A9DB00A8EBFD /* LaunchScreen.xib */,
				4E9D0EB61AE5A9DB00A8EBFD /* Supporting Files */,
			);
			path = TestApp;
			sourceTree = "<group>";
		};
		4E9D0EB61AE5A9DB00A8EBFD /* Supporting Files */ = {
			isa = PBXGroup;
			children = (
				4E9D0EB71AE5A9DB00A8EBFD /* Info.plist */,
				4E9D0EB81AE5A9DB00A8EBFD /* main.m */,
			);
			name = "Supporting Files";
			sourceTree = "<group>";
		};
		4E9D0ECF1AE5A9DB00A8EBFD /* TestAppTests */ = {
			isa = PBXGroup;
			children = (
				4E9D0ED21AE5A9DB00A8EBFD /* TestAppTests.m */,
				4E9D0ED01AE5A9DB00A8EBFD /* Supporting Files */,
			);
			path = TestAppTests;
			sourceTree = "<group>";
		};
		4E9D0ED01AE5A9DB00A8EBFD /* Supporting Files */ = {
			isa = PBXGroup;
			children = (
				4E9D0ED11AE5A9DB00A8EBFD /* Info.plist */,
			);
			name = "Supporting Files";
			sourceTree = "<group>";
		};
/* End PBXGroup section */

/* Begin PBXNativeTarget section */
		4E9D0EB21AE5A9DA00A8EBFD /* TestApp */ = {
			isa = PBXNativeTarget;
			buildConfigurationList = 4E9D0ED61AE5A9DB00A8EBFD /* Build configuration list for PBXNativeTarget "TestApp" */;
			buildPhases = (
				4E9D0EAF1AE5A9DA00A8EBFD /* Sources */,
				4E9D0EB01AE5A9DA00A8EBFD /* Frameworks */,
				4E9D0EB11AE5A9DA00A8EBFD /* Resources */,
			);
			buildRules = (
			);
			dependencies = (
			);
			name = TestApp;
			productName = TestApp;
			productReference = 4E9D0EB31AE5A9DB00A8EBFD /* TestApp.app */;
			productType = "com.apple.product-type.application";
		};
		4E9D0ECB1AE5A9DB00A8EBFD /* TestAppTests */ = {
			isa = PBXNativeTarget;
			buildConfigurationList = 4E9D0ED91AE5A9DB00A8EBFD /* Build configuration list for PBXNativeTarget "TestAppTests" */;
			buildPhases = (
				4E9D0EC81AE5A9DB00A8EBFD /* Sources */,
				4E9D0EC91AE5A9DB00A8EBFD /* Frameworks */,
				4E9D0ECA1AE5A9DB00A8EBFD /* Resources */,
			);
			buildRules = (
			);
			dependencies = (
				4E9D0ECE1AE5A9DB00A8EBFD /* PBXTargetDependency */,
			);
			name = TestAppTests;
			productName = TestAppTests;
			productReference = 4E9D0ECC1AE5A9DB00A8EBFD /* TestAppTests.xctest */;
			productType = "com.apple.product-type.bundle.unit-test";
		};
/* End PBXNativeTarget section */

/* Begin PBXProject section */
		4E9D0EAB1AE5A9DA00A8EBFD /* Project object */ = {
			isa = PBXProject;
			attributes = {
				LastUpgradeCheck = 0630;
				ORGANIZATIONNAME = "Alexei Baboulevitch";
				TargetAttributes = {
					4E9D0EB21AE5A9DA00A8EBFD = {
						CreatedOnToolsVersion = 6.3;
					};
					4E9D0ECB1AE5A9DB00A8EBFD = {
						CreatedOnToolsVersion = 6.3;
						TestTargetID = 4E9D0EB21AE5A9DA00A8EBFD;
					};
				};
			};
			buildConfigurationList = 4E9D0EAE1AE5A9DA00A8EBFD /* Build configuration list for PBXProject "TestApp" */;
			compatibilityVersion = "Xcode 3.2";
			developmentRegion = English;
			hasScannedForEncodings = 0;
			knownRegions = (
				en,
				Base,
			);
			mainGroup = 4E9D0EAA1AE5A9DA00A8EBFD;
			productRefGroup = 4E9D0EB41AE5A9DB00A8EBFD /* Products */;
			projectDirPath = "";
			projectRoot = "";
			targets = (
				4E9D0EB21AE5A9DA00A8EBFD /* TestApp */,
				4E9D0ECB1AE5A9DB00A8EBFD /* TestAppTests */,
			);
		};
/* End PBXProject section */

/* Begin PBXResourcesBuildPhase section */
		4E9D0EB11AE5A9DA00A8EBFD /* Resources */ = {
			isa = PBXResourcesBuildPhase;
			buildActionMask = 2147483647;
			files = (
				4E9D0EC21AE5A9DB00A8EBFD /* Main.storyboard in Resources */,
				4E9D0EC71AE5A9DB00A8EBFD /* LaunchScreen.xib in Resources */,
				4E9D0EC41AE5A9DB00A8EBFD /* Images.xcassets in Resources */,
			);
			runOnlyForDeploymentPostprocessing = 0;
		};
		4E9D0ECA1AE5A9DB00A8EBFD /* Resources */ = {
			isa = PBXResourcesBuildPhase;
			buildActionMask = 2147483647;
			files = (
			);
			runOnlyForDeploymentPostprocessing = 0;
		};
/* End PBXResourcesBuildPhase section */

/* Begin PBXSourcesBuildPhase section */
		4E9D0EAF1AE5A9DA00A8EBFD /* Sources */ = {
			isa = PBXSourcesBuildPhase;
			buildActionMask = 2147483647;
			files = (
				4E9D0EBF1AE5A9DB00A8EBFD /* ViewController.m in Sources */,
				4E9D0EBC1AE5A9DB00A8EBFD /* AppDelegate.m in Sources */,
				4E9D0EB91AE5A9DB00A8EBFD /* main.m in Sources */,
			);
			runOnlyForDeploymentPostprocessing = 0;
		};
		4E9D0EC81AE5A9DB00A8EBFD /* Sources */ = {
			isa = PBXSourcesBuildPhase;
			buildActionMask = 2147483647;
			files = (
				4E9D0ED31AE5A9DB00A8EBFD /* TestAppTests.m in Sources */,
			);
			runOnlyForDeploymentPostprocessing = 0;
		};
/* End PBXSourcesBuildPhase section */

/* Begin PBXTargetDependency section */
		4E9D0ECE1AE5A9DB00A8EBFD /* PBXTargetDependency */ = {
			isa = PBXTargetDependency;
			target = 4E9D0EB21AE5A9DA00A8EBFD /* TestApp */;
			targetProxy = 4E9D0ECD1AE5A9DB00A8EBFD /* PBXContainerItemProxy */;
		};
/* End PBXTargetDependency section */

/* Begin PBXVariantGroup section */
		4E9D0EC01AE5A9DB00A8EBFD /* Main.storyboard */ = {
			isa = PBXVariantGroup;
			children = (
				4E9D0EC11AE5A9DB00A8EBFD /* Base */,
			);
			name = Main.storyboard;
			sourceTree = "<group>";
		};
		4E9D0EC51AE5A9DB00A8EBFD /* LaunchScreen.xib */ = {
			isa = PBXVariantGroup;
			children = (
				4E9D0EC61AE5A9DB00A8EBFD /* Base */,
			);
			name = LaunchScreen.xib;
			sourceTree = "<group>";
		};
/* End PBXVariantGroup section */

/* Begin XCBuildConfiguration section */
		4E9D0ED41AE5A9DB00A8EBFD /* Debug */ = {
			isa = XCBuildConfiguration;
			buildSettings = {
				ALWAYS_SEARCH_USER_PATHS = NO;
				CLANG_CXX_LANGUAGE_STANDARD = "gnu++0x";
				CLANG_CXX_LIBRARY = "libc++";
				CLANG_ENABLE_MODULES = YES;
				CLANG_ENABLE_OBJC_ARC = YES;
				CLANG_WARN_BOOL_CONVERSION = YES;
				CLANG_WARN_CONSTANT_CONVERSION = YES;
				CLANG_WARN_DIRECT_OBJC_ISA_USAGE = YES_ERROR;
				CLANG_WARN_EMPTY_BODY = YES;
				CLANG_WARN_ENUM_CONVERSION = YES;
				CLANG_WARN_INT_CONVERSION = YES;
				CLANG_WARN_OBJC_ROOT_CLASS = YES_ERROR;
				CLANG_WARN_UNREACHABLE_CODE = YES;
				CLANG_WARN__DUPLICATE_METHOD_MATCH = YES;
				"CODE_SIGN_IDENTITY[sdk=iphoneos*]" = "iPhone Developer";
				COPY_PHASE_STRIP = NO;
				DEBUG_INFORMATION_FORMAT = "dwarf-with-dsym";
				ENABLE_STRICT_OBJC_MSGSEND = YES;
				GCC_C_LANGUAGE_STANDARD = gnu99;
				GCC_DYNAMIC_NO_PIC = NO;
				GCC_NO_COMMON_BLOCKS = YES;
				GCC_OPTIMIZATION_LEVEL = 0;
				GCC_PREPROCESSOR_DEFINITIONS = (
					"DEBUG=1",
					"$(inherited)",
				);
				GCC_SYMBOLS_PRIVATE_EXTERN = NO;
				GCC_WARN_64_TO_32_BIT_CONVERSION = YES;
				GCC_WARN_ABOUT_RETURN_TYPE = YES_ERROR;
				GCC_WARN_UNDECLARED_SELECTOR = YES;
				GCC_WARN_UNINITIALIZED_AUTOS = YES_AGGRESSIVE;
				GCC_WARN_UNUSED_FUNCTION = YES;
				GCC_WARN_UNUSED_VARIABLE = YES;
				IPHONEOS_DEPLOYMENT_TARGET = 8.3;
				MTL_ENABLE_DEBUG_INFO = YES;
				ONLY_ACTIVE_ARCH = YES;
				SDKROOT = iphoneos;
				TARGETED_DEVICE_FAMILY = "1,2";
			};
			name = Debug;
		};
		4E9D0ED51AE5A9DB00A8EBFD /* Release */ = {
			isa = XCBuildConfiguration;
			buildSettings = {
				ALWAYS_SEARCH_USER_PATHS = NO;
				CLANG_CXX_LANGUAGE_STANDARD = "gnu++0x";
				CLANG_CXX_LIBRARY = "libc++";
				CLANG_ENABLE_MODULES = YES;
				CLANG_ENABLE_OBJC_ARC = YES;
				CLANG_WARN_BOOL_CONVERSION = YES;
				CLANG_WARN_CONSTANT_CONVERSION = YES;
				CLANG_WARN_DIRECT_OBJC_ISA_USAGE = YES_ERROR;
				CLANG_WARN_EMPTY_BODY = YES;
				CLANG_WARN_ENUM_CONVERSION = YES;
				CLANG_WARN_INT_CONVERSION = YES;
				CLANG_WARN_OBJC_ROOT_CLASS = YES_ERROR;
				CLANG_WARN_UNREACHABLE_CODE = YES;
				CLANG_WARN__DUPLICATE_METHOD_MATCH = YES;
				"CODE_SIGN_IDENTITY[sdk=iphoneos*]" = "iPhone Developer";
				COPY_PHASE_STRIP = NO;
				DEBUG_INFORMATION_FORMAT = "dwarf-with-dsym";
				ENABLE_NS_ASSERTIONS = NO;
				ENABLE_STRICT_OBJC_MSGSEND = YES;
				GCC_C_LANGUAGE_STANDARD = gnu99;
				GCC_NO_COMMON_BLOCKS = YES;
				GCC_WARN_64_TO_32_BIT_CONVERSION = YES;
				GCC_WARN_ABOUT_RETURN_TYPE = YES_ERROR;
				GCC_WARN_UNDECLARED_SELECTOR = YES;
				GCC_WARN_UNINITIALIZED_AUTOS = YES_AGGRESSIVE;
				GCC_WARN_UNUSED_FUNCTION = YES;
				GCC_WARN_UNUSED_VARIABLE = YES;
				IPHONEOS_DEPLOYMENT_TARGET = 8.3;
				MTL_ENABLE_DEBUG_INFO = NO;
				SDKROOT = iphoneos;
				TARGETED_DEVICE_FAMILY = "1,2";
				VALIDATE_PRODUCT = YES;
			};
			name = Release;
		};
		4E9D0ED71AE5A9DB00A8EBFD /* Debug */ = {
			isa = XCBuildConfiguration;
			buildSettings = {
				ASSETCATALOG_COMPILER_APPICON_NAME = AppIcon;
				INFOPLIST_FILE = TestApp/Info.plist;
				LD_RUNPATH_SEARCH_PATHS = "$(inherited) @executable_path/Frameworks";
				PRODUCT_NAME = "$(TARGET_NAME)";
			};
			name = Debug;
		};
		4E9D0ED81AE5A9DB00A8EBFD /* Release */ = {
			isa = XCBuildConfiguration;
			buildSettings = {
				ASSETCATALOG_COMPILER_APPICON_NAME = AppIcon;
				INFOPLIST_FILE = TestApp/Info.plist;
				LD_RUNPATH_SEARCH_PATHS = "$(inherited) @executable_path/Frameworks";
				PRODUCT_NAME = "$(TARGET_NAME)";
			};
			name = Release;
		};
		4E9D0EDA1AE5A9DB00A8EBFD /* Debug */ = {
			isa = XCBuildConfiguration;
			buildSettings = {
				BUNDLE_LOADER = "$(TEST_HOST)";
				FRAMEWORK_SEARCH_PATHS = (
					"$(SDKROOT)/Developer/Library/Frameworks",
					"$(inherited)",
				);
				GCC_PREPROCESSOR_DEFINITIONS = (
					"DEBUG=1",
					"$(inherited)",
				);
				INFOPLIST_FILE = TestAppTests/Info.plist;
				LD_RUNPATH_SEARCH_PATHS = "$(inherited) @executable_path/Frameworks @loader_path/Frameworks";
				PRODUCT_NAME = "$(TARGET_NAME)";
				TEST_HOST = "$(BUILT_PRODUCTS_DIR)/TestApp.app/TestApp";
			};
			name = Debug;
		};
		4E9D0EDB1AE5A9DB00A8EBFD /* Release */ = {
			isa = XCBuildConfiguration;
			buildSettings = {
				BUNDLE_LOADER = "$(TEST_HOST)";
				FRAMEWORK_SEARCH_PATHS = (
					"$(SDKROOT)/Developer/Library/Frameworks",
					"$(inherited)",
				);
				INFOPLIST_FILE = TestAppTests/Info.plist;
				LD_RUNPATH_SEARCH_PATHS = "$(inherited) @executable_path/Frameworks @loader_path/Frameworks";
				PRODUCT_NAME = "$(TARGET_NAME)";
				TEST_HOST = "$(BUILT_PRODUCTS_DIR)/TestApp.app/TestApp";
			};
			name = Release;
		};
/* End XCBuildConfiguration section */

/* Begin XCConfigurationList section */
		4E9D0EAE1AE5A9DA00A8EBFD /* Build configuration list for PBXProject "TestApp" */ = {
			isa = XCConfigurationList;
			buildConfigurations = (
				4E9D0ED41AE5A9DB00A8EBFD /* Debug */,
				4E9D0ED51AE5A9DB00A8EBFD /* Release */,
			);
			defaultConfigurationIsVisible = 0;
			defaultConfigurationName = Release;
		};
		4E9D0ED61AE5A9DB00A8EBFD /* Build configuration list for PBXNativeTarget "TestApp" */ = {
			isa = XCConfigurationList;
			buildConfigurations = (
				4E9D0ED71AE5A9DB00A8EBFD /* Debug */,
				4E9D0ED81AE5A9DB00A8EBFD /* Release */,
			);
			defaultConfigurationIsVisible = 0;
		};
		4E9D0ED91AE5A9DB00A8EBFD /* Build configuration list for PBXNativeTarget "TestAppTests" */ = {
			isa = XCConfigurationList;
			buildConfigurations = (
				4E9D0EDA1AE5A9DB00A8EBFD /* Debug */,
				4E9D0EDB1AE5A9DB00A8EBFD /* Release */,
			);
			defaultConfigurationIsVisible = 0;
		};
/* End XCConfigurationList section */
	};
	rootObject = 4E9D0EAB1AE5A9DA00A8EBFD /* Project object */;
}
